// !$*UTF8*$!
{
	archiveVersion = 1;
	classes = {
	};
	objectVersion = 50;
	objects = {

/* Begin PBXBuildFile section */
		A0264CF021C97EB4004A2E80 /* Delm-Medium.otf in Resources */ = {isa = PBXBuildFile; fileRef = A0264CEF21C97EB4004A2E80 /* Delm-Medium.otf */; };
		A0264CF221C97EBE004A2E80 /* ThirstySoftRegular.otf in Resources */ = {isa = PBXBuildFile; fileRef = A0264CF121C97EBE004A2E80 /* ThirstySoftRegular.otf */; };
		A0264CF721C99358004A2E80 /* LayoutView.swift in Sources */ = {isa = PBXBuildFile; fileRef = A0264CF621C99358004A2E80 /* LayoutView.swift */; };
		A079816421C9542100EE4769 /* AppDelegate.swift in Sources */ = {isa = PBXBuildFile; fileRef = A079816321C9542100EE4769 /* AppDelegate.swift */; };
		A079816621C9542100EE4769 /* ViewController.swift in Sources */ = {isa = PBXBuildFile; fileRef = A079816521C9542100EE4769 /* ViewController.swift */; };
		A079816921C9542100EE4769 /* Main.storyboard in Resources */ = {isa = PBXBuildFile; fileRef = A079816721C9542100EE4769 /* Main.storyboard */; };
		A079816B21C9542200EE4769 /* Assets.xcassets in Resources */ = {isa = PBXBuildFile; fileRef = A079816A21C9542200EE4769 /* Assets.xcassets */; };
		A079816E21C9542200EE4769 /* LaunchScreen.storyboard in Resources */ = {isa = PBXBuildFile; fileRef = A079816C21C9542200EE4769 /* LaunchScreen.storyboard */; };
/* End PBXBuildFile section */

/* Begin PBXFileReference section */
		A0264CEF21C97EB4004A2E80 /* Delm-Medium.otf */ = {isa = PBXFileReference; lastKnownFileType = file; name = "Delm-Medium.otf"; path = "Assets/Delm-Medium.otf"; sourceTree = SOURCE_ROOT; };
		A0264CF121C97EBE004A2E80 /* ThirstySoftRegular.otf */ = {isa = PBXFileReference; lastKnownFileType = file; name = ThirstySoftRegular.otf; path = Assets/ThirstySoftRegular.otf; sourceTree = SOURCE_ROOT; };
		A0264CF621C99358004A2E80 /* LayoutView.swift */ = {isa = PBXFileReference; lastKnownFileType = sourcecode.swift; path = LayoutView.swift; sourceTree = "<group>"; };
		A079816021C9542100EE4769 /* Instagrid.app */ = {isa = PBXFileReference; explicitFileType = wrapper.application; includeInIndex = 0; path = Instagrid.app; sourceTree = BUILT_PRODUCTS_DIR; };
		A079816321C9542100EE4769 /* AppDelegate.swift */ = {isa = PBXFileReference; lastKnownFileType = sourcecode.swift; path = AppDelegate.swift; sourceTree = "<group>"; };
		A079816521C9542100EE4769 /* ViewController.swift */ = {isa = PBXFileReference; lastKnownFileType = sourcecode.swift; path = ViewController.swift; sourceTree = "<group>"; };
		A079816821C9542100EE4769 /* Base */ = {isa = PBXFileReference; lastKnownFileType = file.storyboard; name = Base; path = Base.lproj/Main.storyboard; sourceTree = "<group>"; };
		A079816A21C9542200EE4769 /* Assets.xcassets */ = {isa = PBXFileReference; lastKnownFileType = folder.assetcatalog; path = Assets.xcassets; sourceTree = "<group>"; };
		A079816D21C9542200EE4769 /* Base */ = {isa = PBXFileReference; lastKnownFileType = file.storyboard; name = Base; path = Base.lproj/LaunchScreen.storyboard; sourceTree = "<group>"; };
		A079816F21C9542200EE4769 /* Info.plist */ = {isa = PBXFileReference; lastKnownFileType = text.plist.xml; path = Info.plist; sourceTree = "<group>"; };
/* End PBXFileReference section */

/* Begin PBXFrameworksBuildPhase section */
		A079815D21C9542100EE4769 /* Frameworks */ = {
			isa = PBXFrameworksBuildPhase;
			buildActionMask = 2147483647;
			files = (
			);
			runOnlyForDeploymentPostprocessing = 0;
		};
/* End PBXFrameworksBuildPhase section */

/* Begin PBXGroup section */
		A079815721C9542100EE4769 = {
			isa = PBXGroup;
			children = (
				A079816221C9542100EE4769 /* Instagrid */,
				A079816121C9542100EE4769 /* Products */,
			);
			sourceTree = "<group>";
		};
		A079816121C9542100EE4769 /* Products */ = {
			isa = PBXGroup;
			children = (
				A079816021C9542100EE4769 /* Instagrid.app */,
			);
			name = Products;
			sourceTree = "<group>";
		};
		A079816221C9542100EE4769 /* Instagrid */ = {
			isa = PBXGroup;
			children = (
				A079817821C955D200EE4769 /* Supporting Files */,
				A079817521C955AC00EE4769 /* Model */,
				A079817621C955BF00EE4769 /* View */,
				A079817721C955C700EE4769 /* Controller */,
				A079816F21C9542200EE4769 /* Info.plist */,
			);
			path = Instagrid;
			sourceTree = "<group>";
		};
		A079817521C955AC00EE4769 /* Model */ = {
			isa = PBXGroup;
			children = (
			);
			path = Model;
			sourceTree = "<group>";
		};
		A079817621C955BF00EE4769 /* View */ = {
			isa = PBXGroup;
			children = (
				A079816721C9542100EE4769 /* Main.storyboard */,
				A079816C21C9542200EE4769 /* LaunchScreen.storyboard */,
				A0264CF621C99358004A2E80 /* LayoutView.swift */,
			);
			path = View;
			sourceTree = "<group>";
		};
		A079817721C955C700EE4769 /* Controller */ = {
			isa = PBXGroup;
			children = (
				A079816521C9542100EE4769 /* ViewController.swift */,
			);
			path = Controller;
			sourceTree = "<group>";
		};
		A079817821C955D200EE4769 /* Supporting Files */ = {
			isa = PBXGroup;
			children = (
				A079816321C9542100EE4769 /* AppDelegate.swift */,
				A079816A21C9542200EE4769 /* Assets.xcassets */,
				A0264CEF21C97EB4004A2E80 /* Delm-Medium.otf */,
				A0264CF121C97EBE004A2E80 /* ThirstySoftRegular.otf */,
			);
			path = "Supporting Files";
			sourceTree = "<group>";
		};
/* End PBXGroup section */

/* Begin PBXNativeTarget section */
		A079815F21C9542100EE4769 /* Instagrid */ = {
			isa = PBXNativeTarget;
			buildConfigurationList = A079817221C9542200EE4769 /* Build configuration list for PBXNativeTarget "Instagrid" */;
			buildPhases = (
				A079815C21C9542100EE4769 /* Sources */,
				A079815D21C9542100EE4769 /* Frameworks */,
				A079815E21C9542100EE4769 /* Resources */,
			);
			buildRules = (
			);
			dependencies = (
			);
			name = Instagrid;
			productName = Instagrid;
			productReference = A079816021C9542100EE4769 /* Instagrid.app */;
			productType = "com.apple.product-type.application";
		};
/* End PBXNativeTarget section */

/* Begin PBXProject section */
		A079815821C9542100EE4769 /* Project object */ = {
			isa = PBXProject;
			attributes = {
				LastSwiftUpdateCheck = 1010;
				LastUpgradeCheck = 1010;
				ORGANIZATIONNAME = "Marques Lucas";
				TargetAttributes = {
					A079815F21C9542100EE4769 = {
						CreatedOnToolsVersion = 10.1;
						LastSwiftMigration = 1130;
					};
				};
			};
			buildConfigurationList = A079815B21C9542100EE4769 /* Build configuration list for PBXProject "Instagrid" */;
			compatibilityVersion = "Xcode 9.3";
			developmentRegion = en;
			hasScannedForEncodings = 0;
			knownRegions = (
				en,
				Base,
			);
			mainGroup = A079815721C9542100EE4769;
			productRefGroup = A079816121C9542100EE4769 /* Products */;
			projectDirPath = "";
			projectRoot = "";
			targets = (
				A079815F21C9542100EE4769 /* Instagrid */,
			);
		};
/* End PBXProject section */

/* Begin PBXResourcesBuildPhase section */
		A079815E21C9542100EE4769 /* Resources */ = {
			isa = PBXResourcesBuildPhase;
			buildActionMask = 2147483647;
			files = (
				A079816E21C9542200EE4769 /* LaunchScreen.storyboard in Resources */,
				A079816B21C9542200EE4769 /* Assets.xcassets in Resources */,
				A0264CF221C97EBE004A2E80 /* ThirstySoftRegular.otf in Resources */,
				A0264CF021C97EB4004A2E80 /* Delm-Medium.otf in Resources */,
				A079816921C9542100EE4769 /* Main.storyboard in Resources */,
			);
			runOnlyForDeploymentPostprocessing = 0;
		};
/* End PBXResourcesBuildPhase section */

/* Begin PBXSourcesBuildPhase section */
		A079815C21C9542100EE4769 /* Sources */ = {
			isa = PBXSourcesBuildPhase;
			buildActionMask = 2147483647;
			files = (
				A079816621C9542100EE4769 /* ViewController.swift in Sources */,
				A079816421C9542100EE4769 /* AppDelegate.swift in Sources */,
				A0264CF721C99358004A2E80 /* LayoutView.swift in Sources */,
			);
			runOnlyForDeploymentPostprocessing = 0;
		};
/* End PBXSourcesBuildPhase section */

/* Begin PBXVariantGroup section */
		A079816721C9542100EE4769 /* Main.storyboard */ = {
			isa = PBXVariantGroup;
			children = (
				A079816821C9542100EE4769 /* Base */,
			);
			name = Main.storyboard;
			sourceTree = "<group>";
		};
		A079816C21C9542200EE4769 /* LaunchScreen.storyboard */ = {
			isa = PBXVariantGroup;
			children = (
				A079816D21C9542200EE4769 /* Base */,
			);
			name = LaunchScreen.storyboard;
			sourceTree = "<group>";
		};
/* End PBXVariantGroup section */

/* Begin XCBuildConfiguration section */
		A079817021C9542200EE4769 /* Debug */ = {
			isa = XCBuildConfiguration;
			buildSettings = {
				ALWAYS_SEARCH_USER_PATHS = NO;
				CLANG_ANALYZER_NONNULL = YES;
				CLANG_ANALYZER_NUMBER_OBJECT_CONVERSION = YES_AGGRESSIVE;
				CLANG_CXX_LANGUAGE_STANDARD = "gnu++14";
				CLANG_CXX_LIBRARY = "libc++";
				CLANG_ENABLE_MODULES = YES;
				CLANG_ENABLE_OBJC_ARC = YES;
				CLANG_ENABLE_OBJC_WEAK = YES;
				CLANG_WARN_BLOCK_CAPTURE_AUTORELEASING = YES;
				CLANG_WARN_BOOL_CONVERSION = YES;
				CLANG_WARN_COMMA = YES;
				CLANG_WARN_CONSTANT_CONVERSION = YES;
				CLANG_WARN_DEPRECATED_OBJC_IMPLEMENTATIONS = YES;
				CLANG_WARN_DIRECT_OBJC_ISA_USAGE = YES_ERROR;
				CLANG_WARN_DOCUMENTATION_COMMENTS = YES;
				CLANG_WARN_EMPTY_BODY = YES;
				CLANG_WARN_ENUM_CONVERSION = YES;
				CLANG_WARN_INFINITE_RECURSION = YES;
				CLANG_WARN_INT_CONVERSION = YES;
				CLANG_WARN_NON_LITERAL_NULL_CONVERSION = YES;
				CLANG_WARN_OBJC_IMPLICIT_RETAIN_SELF = YES;
				CLANG_WARN_OBJC_LITERAL_CONVERSION = YES;
				CLANG_WARN_OBJC_ROOT_CLASS = YES_ERROR;
				CLANG_WARN_RANGE_LOOP_ANALYSIS = YES;
				CLANG_WARN_STRICT_PROTOTYPES = YES;
				CLANG_WARN_SUSPICIOUS_MOVE = YES;
				CLANG_WARN_UNGUARDED_AVAILABILITY = YES_AGGRESSIVE;
				CLANG_WARN_UNREACHABLE_CODE = YES;
				CLANG_WARN__DUPLICATE_METHOD_MATCH = YES;
				CODE_SIGN_IDENTITY = "iPhone Developer";
				COPY_PHASE_STRIP = NO;
				DEBUG_INFORMATION_FORMAT = dwarf;
				ENABLE_STRICT_OBJC_MSGSEND = YES;
				ENABLE_TESTABILITY = YES;
				GCC_C_LANGUAGE_STANDARD = gnu11;
				GCC_DYNAMIC_NO_PIC = NO;
				GCC_NO_COMMON_BLOCKS = YES;
				GCC_OPTIMIZATION_LEVEL = 0;
				GCC_PREPROCESSOR_DEFINITIONS = (
					"DEBUG=1",
					"$(inherited)",
				);
				GCC_WARN_64_TO_32_BIT_CONVERSION = YES;
				GCC_WARN_ABOUT_RETURN_TYPE = YES_ERROR;
				GCC_WARN_UNDECLARED_SELECTOR = YES;
				GCC_WARN_UNINITIALIZED_AUTOS = YES_AGGRESSIVE;
				GCC_WARN_UNUSED_FUNCTION = YES;
				GCC_WARN_UNUSED_VARIABLE = YES;
				IPHONEOS_DEPLOYMENT_TARGET = 12.1;
				MTL_ENABLE_DEBUG_INFO = INCLUDE_SOURCE;
				MTL_FAST_MATH = YES;
				ONLY_ACTIVE_ARCH = YES;
				SDKROOT = iphoneos;
				SWIFT_ACTIVE_COMPILATION_CONDITIONS = DEBUG;
				SWIFT_OPTIMIZATION_LEVEL = "-Onone";
			};
			name = Debug;
		};
		A079817121C9542200EE4769 /* Release */ = {
			isa = XCBuildConfiguration;
			buildSettings = {
				ALWAYS_SEARCH_USER_PATHS = NO;
				CLANG_ANALYZER_NONNULL = YES;
				CLANG_ANALYZER_NUMBER_OBJECT_CONVERSION = YES_AGGRESSIVE;
				CLANG_CXX_LANGUAGE_STANDARD = "gnu++14";
				CLANG_CXX_LIBRARY = "libc++";
				CLANG_ENABLE_MODULES = YES;
				CLANG_ENABLE_OBJC_ARC = YES;
				CLANG_ENABLE_OBJC_WEAK = YES;
				CLANG_WARN_BLOCK_CAPTURE_AUTORELEASING = YES;
				CLANG_WARN_BOOL_CONVERSION = YES;
				CLANG_WARN_COMMA = YES;
				CLANG_WARN_CONSTANT_CONVERSION = YES;
				CLANG_WARN_DEPRECATED_OBJC_IMPLEMENTATIONS = YES;
				CLANG_WARN_DIRECT_OBJC_ISA_USAGE = YES_ERROR;
				CLANG_WARN_DOCUMENTATION_COMMENTS = YES;
				CLANG_WARN_EMPTY_BODY = YES;
				CLANG_WARN_ENUM_CONVERSION = YES;
				CLANG_WARN_INFINITE_RECURSION = YES;
				CLANG_WARN_INT_CONVERSION = YES;
				CLANG_WARN_NON_LITERAL_NULL_CONVERSION = YES;
				CLANG_WARN_OBJC_IMPLICIT_RETAIN_SELF = YES;
				CLANG_WARN_OBJC_LITERAL_CONVERSION = YES;
				CLANG_WARN_OBJC_ROOT_CLASS = YES_ERROR;
				CLANG_WARN_RANGE_LOOP_ANALYSIS = YES;
				CLANG_WARN_STRICT_PROTOTYPES = YES;
				CLANG_WARN_SUSPICIOUS_MOVE = YES;
				CLANG_WARN_UNGUARDED_AVAILABILITY = YES_AGGRESSIVE;
				CLANG_WARN_UNREACHABLE_CODE = YES;
				CLANG_WARN__DUPLICATE_METHOD_MATCH = YES;
				CODE_SIGN_IDENTITY = "iPhone Developer";
				COPY_PHASE_STRIP = NO;
				DEBUG_INFORMATION_FORMAT = "dwarf-with-dsym";
				ENABLE_NS_ASSERTIONS = NO;
				ENABLE_STRICT_OBJC_MSGSEND = YES;
				GCC_C_LANGUAGE_STANDARD = gnu11;
				GCC_NO_COMMON_BLOCKS = YES;
				GCC_WARN_64_TO_32_BIT_CONVERSION = YES;
				GCC_WARN_ABOUT_RETURN_TYPE = YES_ERROR;
				GCC_WARN_UNDECLARED_SELECTOR = YES;
				GCC_WARN_UNINITIALIZED_AUTOS = YES_AGGRESSIVE;
				GCC_WARN_UNUSED_FUNCTION = YES;
				GCC_WARN_UNUSED_VARIABLE = YES;
				IPHONEOS_DEPLOYMENT_TARGET = 12.1;
				MTL_ENABLE_DEBUG_INFO = NO;
				MTL_FAST_MATH = YES;
				SDKROOT = iphoneos;
				SWIFT_COMPILATION_MODE = wholemodule;
				SWIFT_OPTIMIZATION_LEVEL = "-O";
				VALIDATE_PRODUCT = YES;
			};
			name = Release;
		};
		A079817321C9542200EE4769 /* Debug */ = {
			isa = XCBuildConfiguration;
			buildSettings = {
				ASSETCATALOG_COMPILER_APPICON_NAME = AppIcon;
				CODE_SIGN_STYLE = Automatic;
				DEVELOPMENT_TEAM = N4VGXY9MV7;
				INFOPLIST_FILE = Instagrid/Info.plist;
				LD_RUNPATH_SEARCH_PATHS = (
					"$(inherited)",
					"@executable_path/Frameworks",
				);
				PRODUCT_BUNDLE_IDENTIFIER = com.MarquesLucas.Instagrid;
				PRODUCT_NAME = "$(TARGET_NAME)";
				SWIFT_VERSION = 5.0;
				TARGETED_DEVICE_FAMILY = "1,2";
			};
			name = Debug;
		};
		A079817421C9542200EE4769 /* Release */ = {
			isa = XCBuildConfiguration;
			buildSettings = {
				ASSETCATALOG_COMPILER_APPICON_NAME = AppIcon;
				CODE_SIGN_STYLE = Automatic;
				DEVELOPMENT_TEAM = N4VGXY9MV7;
				INFOPLIST_FILE = Instagrid/Info.plist;
				LD_RUNPATH_SEARCH_PATHS = (
					"$(inherited)",
					"@executable_path/Frameworks",
				);
				PRODUCT_BUNDLE_IDENTIFIER = com.MarquesLucas.Instagrid;
				PRODUCT_NAME = "$(TARGET_NAME)";
				SWIFT_VERSION = 5.0;
				TARGETED_DEVICE_FAMILY = "1,2";
			};
			name = Release;
		};
/* End XCBuildConfiguration section */

/* Begin XCConfigurationList section */
		A079815B21C9542100EE4769 /* Build configuration list for PBXProject "Instagrid" */ = {
			isa = XCConfigurationList;
			buildConfigurations = (
				A079817021C9542200EE4769 /* Debug */,
				A079817121C9542200EE4769 /* Release */,
			);
			defaultConfigurationIsVisible = 0;
			defaultConfigurationName = Release;
		};
		A079817221C9542200EE4769 /* Build configuration list for PBXNativeTarget "Instagrid" */ = {
			isa = XCConfigurationList;
			buildConfigurations = (
				A079817321C9542200EE4769 /* Debug */,
				A079817421C9542200EE4769 /* Release */,
			);
			defaultConfigurationIsVisible = 0;
			defaultConfigurationName = Release;
		};
/* End XCConfigurationList section */
	};
	rootObject = A079815821C9542100EE4769 /* Project object */;
}
